// !$*UTF8*$!
{
	archiveVersion = 1;
	classes = {
	};
	objectVersion = 50;
	objects = {

/* Begin PBXBuildFile section */
		033D580720BE70E300DE6106 /* AppDelegate.swift in Sources */ = {isa = PBXBuildFile; fileRef = 033D580620BE70E300DE6106 /* AppDelegate.swift */; };
		033D580920BE70E300DE6106 /* ViewController.swift in Sources */ = {isa = PBXBuildFile; fileRef = 033D580820BE70E300DE6106 /* ViewController.swift */; };
		033D580C20BE70E300DE6106 /* Main.storyboard in Resources */ = {isa = PBXBuildFile; fileRef = 033D580A20BE70E300DE6106 /* Main.storyboard */; };
		033D580E20BE70E400DE6106 /* Assets.xcassets in Resources */ = {isa = PBXBuildFile; fileRef = 033D580D20BE70E400DE6106 /* Assets.xcassets */; };
		033D581120BE70E400DE6106 /* LaunchScreen.storyboard in Resources */ = {isa = PBXBuildFile; fileRef = 033D580F20BE70E400DE6106 /* LaunchScreen.storyboard */; };
		033D581C20BE70E400DE6106 /* cleTests.swift in Sources */ = {isa = PBXBuildFile; fileRef = 033D581B20BE70E400DE6106 /* cleTests.swift */; };
		033D582720BE70E400DE6106 /* cleUITests.swift in Sources */ = {isa = PBXBuildFile; fileRef = 033D582620BE70E400DE6106 /* cleUITests.swift */; };
/* End PBXBuildFile section */

/* Begin PBXContainerItemProxy section */
		033D581820BE70E400DE6106 /* PBXContainerItemProxy */ = {
			isa = PBXContainerItemProxy;
			containerPortal = 033D57FB20BE70E300DE6106 /* Project object */;
			proxyType = 1;
			remoteGlobalIDString = 033D580220BE70E300DE6106;
			remoteInfo = cle;
		};
		033D582320BE70E400DE6106 /* PBXContainerItemProxy */ = {
			isa = PBXContainerItemProxy;
			containerPortal = 033D57FB20BE70E300DE6106 /* Project object */;
			proxyType = 1;
			remoteGlobalIDString = 033D580220BE70E300DE6106;
			remoteInfo = cle;
		};
/* End PBXContainerItemProxy section */

/* Begin PBXFileReference section */
		033D580320BE70E300DE6106 /* cle.app */ = {isa = PBXFileReference; explicitFileType = wrapper.application; includeInIndex = 0; path = cle.app; sourceTree = BUILT_PRODUCTS_DIR; };
		033D580620BE70E300DE6106 /* AppDelegate.swift */ = {isa = PBXFileReference; lastKnownFileType = sourcecode.swift; path = AppDelegate.swift; sourceTree = "<group>"; };
		033D580820BE70E300DE6106 /* ViewController.swift */ = {isa = PBXFileReference; lastKnownFileType = sourcecode.swift; path = ViewController.swift; sourceTree = "<group>"; };
		033D580B20BE70E300DE6106 /* Base */ = {isa = PBXFileReference; lastKnownFileType = file.storyboard; name = Base; path = Base.lproj/Main.storyboard; sourceTree = "<group>"; };
		033D580D20BE70E400DE6106 /* Assets.xcassets */ = {isa = PBXFileReference; lastKnownFileType = folder.assetcatalog; path = Assets.xcassets; sourceTree = "<group>"; };
		033D581020BE70E400DE6106 /* Base */ = {isa = PBXFileReference; lastKnownFileType = file.storyboard; name = Base; path = Base.lproj/LaunchScreen.storyboard; sourceTree = "<group>"; };
		033D581220BE70E400DE6106 /* Info.plist */ = {isa = PBXFileReference; lastKnownFileType = text.plist.xml; path = Info.plist; sourceTree = "<group>"; };
		033D581720BE70E400DE6106 /* cleTests.xctest */ = {isa = PBXFileReference; explicitFileType = wrapper.cfbundle; includeInIndex = 0; path = cleTests.xctest; sourceTree = BUILT_PRODUCTS_DIR; };
		033D581B20BE70E400DE6106 /* cleTests.swift */ = {isa = PBXFileReference; lastKnownFileType = sourcecode.swift; path = cleTests.swift; sourceTree = "<group>"; };
		033D581D20BE70E400DE6106 /* Info.plist */ = {isa = PBXFileReference; lastKnownFileType = text.plist.xml; path = Info.plist; sourceTree = "<group>"; };
		033D582220BE70E400DE6106 /* cleUITests.xctest */ = {isa = PBXFileReference; explicitFileType = wrapper.cfbundle; includeInIndex = 0; path = cleUITests.xctest; sourceTree = BUILT_PRODUCTS_DIR; };
		033D582620BE70E400DE6106 /* cleUITests.swift */ = {isa = PBXFileReference; lastKnownFileType = sourcecode.swift; path = cleUITests.swift; sourceTree = "<group>"; };
		033D582820BE70E400DE6106 /* Info.plist */ = {isa = PBXFileReference; lastKnownFileType = text.plist.xml; path = Info.plist; sourceTree = "<group>"; };
/* End PBXFileReference section */

/* Begin PBXFrameworksBuildPhase section */
		033D580020BE70E300DE6106 /* Frameworks */ = {
			isa = PBXFrameworksBuildPhase;
			buildActionMask = 2147483647;
			files = (
			);
			runOnlyForDeploymentPostprocessing = 0;
		};
		033D581420BE70E400DE6106 /* Frameworks */ = {
			isa = PBXFrameworksBuildPhase;
			buildActionMask = 2147483647;
			files = (
			);
			runOnlyForDeploymentPostprocessing = 0;
		};
		033D581F20BE70E400DE6106 /* Frameworks */ = {
			isa = PBXFrameworksBuildPhase;
			buildActionMask = 2147483647;
			files = (
			);
			runOnlyForDeploymentPostprocessing = 0;
		};
/* End PBXFrameworksBuildPhase section */

/* Begin PBXGroup section */
		033D57FA20BE70E300DE6106 = {
			isa = PBXGroup;
			children = (
				033D580520BE70E300DE6106 /* cle */,
				033D581A20BE70E400DE6106 /* cleTests */,
				033D582520BE70E400DE6106 /* cleUITests */,
				033D580420BE70E300DE6106 /* Products */,
			);
			sourceTree = "<group>";
		};
		033D580420BE70E300DE6106 /* Products */ = {
			isa = PBXGroup;
			children = (
				033D580320BE70E300DE6106 /* cle.app */,
				033D581720BE70E400DE6106 /* cleTests.xctest */,
				033D582220BE70E400DE6106 /* cleUITests.xctest */,
			);
			name = Products;
			sourceTree = "<group>";
		};
		033D580520BE70E300DE6106 /* cle */ = {
			isa = PBXGroup;
			children = (
				033D580620BE70E300DE6106 /* AppDelegate.swift */,
				033D580820BE70E300DE6106 /* ViewController.swift */,
				033D580A20BE70E300DE6106 /* Main.storyboard */,
				033D580D20BE70E400DE6106 /* Assets.xcassets */,
				033D580F20BE70E400DE6106 /* LaunchScreen.storyboard */,
				033D581220BE70E400DE6106 /* Info.plist */,
			);
			path = cle;
			sourceTree = "<group>";
		};
		033D581A20BE70E400DE6106 /* cleTests */ = {
			isa = PBXGroup;
			children = (
				033D581B20BE70E400DE6106 /* cleTests.swift */,
				033D581D20BE70E400DE6106 /* Info.plist */,
			);
			path = cleTests;
			sourceTree = "<group>";
		};
		033D582520BE70E400DE6106 /* cleUITests */ = {
			isa = PBXGroup;
			children = (
				033D582620BE70E400DE6106 /* cleUITests.swift */,
				033D582820BE70E400DE6106 /* Info.plist */,
			);
			path = cleUITests;
			sourceTree = "<group>";
		};
/* End PBXGroup section */

/* Begin PBXNativeTarget section */
		033D580220BE70E300DE6106 /* cle */ = {
			isa = PBXNativeTarget;
			buildConfigurationList = 033D582B20BE70E400DE6106 /* Build configuration list for PBXNativeTarget "cle" */;
			buildPhases = (
				033D57FF20BE70E300DE6106 /* Sources */,
				033D580020BE70E300DE6106 /* Frameworks */,
				033D580120BE70E300DE6106 /* Resources */,
			);
			buildRules = (
			);
			dependencies = (
			);
			name = cle;
			productName = cle;
			productReference = 033D580320BE70E300DE6106 /* cle.app */;
			productType = "com.apple.product-type.application";
		};
		033D581620BE70E400DE6106 /* cleTests */ = {
			isa = PBXNativeTarget;
			buildConfigurationList = 033D582E20BE70E400DE6106 /* Build configuration list for PBXNativeTarget "cleTests" */;
			buildPhases = (
				033D581320BE70E400DE6106 /* Sources */,
				033D581420BE70E400DE6106 /* Frameworks */,
				033D581520BE70E400DE6106 /* Resources */,
			);
			buildRules = (
			);
			dependencies = (
				033D581920BE70E400DE6106 /* PBXTargetDependency */,
			);
			name = cleTests;
			productName = cleTests;
			productReference = 033D581720BE70E400DE6106 /* cleTests.xctest */;
			productType = "com.apple.product-type.bundle.unit-test";
		};
		033D582120BE70E400DE6106 /* cleUITests */ = {
			isa = PBXNativeTarget;
			buildConfigurationList = 033D583120BE70E400DE6106 /* Build configuration list for PBXNativeTarget "cleUITests" */;
			buildPhases = (
				033D581E20BE70E400DE6106 /* Sources */,
				033D581F20BE70E400DE6106 /* Frameworks */,
				033D582020BE70E400DE6106 /* Resources */,
			);
			buildRules = (
			);
			dependencies = (
				033D582420BE70E400DE6106 /* PBXTargetDependency */,
			);
			name = cleUITests;
			productName = cleUITests;
			productReference = 033D582220BE70E400DE6106 /* cleUITests.xctest */;
			productType = "com.apple.product-type.bundle.ui-testing";
		};
/* End PBXNativeTarget section */

/* Begin PBXProject section */
		033D57FB20BE70E300DE6106 /* Project object */ = {
			isa = PBXProject;
			attributes = {
				LastSwiftUpdateCheck = 0930;
				LastUpgradeCheck = 0930;
				ORGANIZATIONNAME = multiverse2011;
				TargetAttributes = {
					033D580220BE70E300DE6106 = {
						CreatedOnToolsVersion = 9.3.1;
					};
					033D581620BE70E400DE6106 = {
						CreatedOnToolsVersion = 9.3.1;
						TestTargetID = 033D580220BE70E300DE6106;
					};
					033D582120BE70E400DE6106 = {
						CreatedOnToolsVersion = 9.3.1;
						TestTargetID = 033D580220BE70E300DE6106;
					};
				};
			};
			buildConfigurationList = 033D57FE20BE70E300DE6106 /* Build configuration list for PBXProject "cle" */;
			compatibilityVersion = "Xcode 9.3";
			developmentRegion = en;
			hasScannedForEncodings = 0;
			knownRegions = (
				en,
				Base,
			);
			mainGroup = 033D57FA20BE70E300DE6106;
			productRefGroup = 033D580420BE70E300DE6106 /* Products */;
			projectDirPath = "";
			projectRoot = "";
			targets = (
				033D580220BE70E300DE6106 /* cle */,
				033D581620BE70E400DE6106 /* cleTests */,
				033D582120BE70E400DE6106 /* cleUITests */,
			);
		};
/* End PBXProject section */

/* Begin PBXResourcesBuildPhase section */
		033D580120BE70E300DE6106 /* Resources */ = {
			isa = PBXResourcesBuildPhase;
			buildActionMask = 2147483647;
			files = (
				033D581120BE70E400DE6106 /* LaunchScreen.storyboard in Resources */,
				033D580E20BE70E400DE6106 /* Assets.xcassets in Resources */,
				033D580C20BE70E300DE6106 /* Main.storyboard in Resources */,
			);
			runOnlyForDeploymentPostprocessing = 0;
		};
		033D581520BE70E400DE6106 /* Resources */ = {
			isa = PBXResourcesBuildPhase;
			buildActionMask = 2147483647;
			files = (
			);
			runOnlyForDeploymentPostprocessing = 0;
		};
		033D582020BE70E400DE6106 /* Resources */ = {
			isa = PBXResourcesBuildPhase;
			buildActionMask = 2147483647;
			files = (
			);
			runOnlyForDeploymentPostprocessing = 0;
		};
/* End PBXResourcesBuildPhase section */

/* Begin PBXSourcesBuildPhase section */
		033D57FF20BE70E300DE6106 /* Sources */ = {
			isa = PBXSourcesBuildPhase;
			buildActionMask = 2147483647;
			files = (
				033D580920BE70E300DE6106 /* ViewController.swift in Sources */,
				033D580720BE70E300DE6106 /* AppDelegate.swift in Sources */,
			);
			runOnlyForDeploymentPostprocessing = 0;
		};
		033D581320BE70E400DE6106 /* Sources */ = {
			isa = PBXSourcesBuildPhase;
			buildActionMask = 2147483647;
			files = (
				033D581C20BE70E400DE6106 /* cleTests.swift in Sources */,
			);
			runOnlyForDeploymentPostprocessing = 0;
		};
		033D581E20BE70E400DE6106 /* Sources */ = {
			isa = PBXSourcesBuildPhase;
			buildActionMask = 2147483647;
			files = (
				033D582720BE70E400DE6106 /* cleUITests.swift in Sources */,
			);
			runOnlyForDeploymentPostprocessing = 0;
		};
/* End PBXSourcesBuildPhase section */

/* Begin PBXTargetDependency section */
		033D581920BE70E400DE6106 /* PBXTargetDependency */ = {
			isa = PBXTargetDependency;
			target = 033D580220BE70E300DE6106 /* cle */;
			targetProxy = 033D581820BE70E400DE6106 /* PBXContainerItemProxy */;
		};
		033D582420BE70E400DE6106 /* PBXTargetDependency */ = {
			isa = PBXTargetDependency;
			target = 033D580220BE70E300DE6106 /* cle */;
			targetProxy = 033D582320BE70E400DE6106 /* PBXContainerItemProxy */;
		};
/* End PBXTargetDependency section */

/* Begin PBXVariantGroup section */
		033D580A20BE70E300DE6106 /* Main.storyboard */ = {
			isa = PBXVariantGroup;
			children = (
				033D580B20BE70E300DE6106 /* Base */,
			);
			name = Main.storyboard;
			sourceTree = "<group>";
		};
		033D580F20BE70E400DE6106 /* LaunchScreen.storyboard */ = {
			isa = PBXVariantGroup;
			children = (
				033D581020BE70E400DE6106 /* Base */,
			);
			name = LaunchScreen.storyboard;
			sourceTree = "<group>";
		};
/* End PBXVariantGroup section */

/* Begin XCBuildConfiguration section */
		033D582920BE70E400DE6106 /* Debug */ = {
			isa = XCBuildConfiguration;
			buildSettings = {
				ALWAYS_SEARCH_USER_PATHS = NO;
				CLANG_ANALYZER_NONNULL = YES;
				CLANG_ANALYZER_NUMBER_OBJECT_CONVERSION = YES_AGGRESSIVE;
				CLANG_CXX_LANGUAGE_STANDARD = "gnu++14";
				CLANG_CXX_LIBRARY = "libc++";
				CLANG_ENABLE_MODULES = YES;
				CLANG_ENABLE_OBJC_ARC = YES;
				CLANG_ENABLE_OBJC_WEAK = YES;
				CLANG_WARN_BLOCK_CAPTURE_AUTORELEASING = YES;
				CLANG_WARN_BOOL_CONVERSION = YES;
				CLANG_WARN_COMMA = YES;
				CLANG_WARN_CONSTANT_CONVERSION = YES;
				CLANG_WARN_DEPRECATED_OBJC_IMPLEMENTATIONS = YES;
				CLANG_WARN_DIRECT_OBJC_ISA_USAGE = YES_ERROR;
				CLANG_WARN_DOCUMENTATION_COMMENTS = YES;
				CLANG_WARN_EMPTY_BODY = YES;
				CLANG_WARN_ENUM_CONVERSION = YES;
				CLANG_WARN_INFINITE_RECURSION = YES;
				CLANG_WARN_INT_CONVERSION = YES;
				CLANG_WARN_NON_LITERAL_NULL_CONVERSION = YES;
				CLANG_WARN_OBJC_IMPLICIT_RETAIN_SELF = YES;
				CLANG_WARN_OBJC_LITERAL_CONVERSION = YES;
				CLANG_WARN_OBJC_ROOT_CLASS = YES_ERROR;
				CLANG_WARN_RANGE_LOOP_ANALYSIS = YES;
				CLANG_WARN_STRICT_PROTOTYPES = YES;
				CLANG_WARN_SUSPICIOUS_MOVE = YES;
				CLANG_WARN_UNGUARDED_AVAILABILITY = YES_AGGRESSIVE;
				CLANG_WARN_UNREACHABLE_CODE = YES;
				CLANG_WARN__DUPLICATE_METHOD_MATCH = YES;
				CODE_SIGN_IDENTITY = "iPhone Developer";
				COPY_PHASE_STRIP = NO;
				DEBUG_INFORMATION_FORMAT = dwarf;
				ENABLE_STRICT_OBJC_MSGSEND = YES;
				ENABLE_TESTABILITY = YES;
				GCC_C_LANGUAGE_STANDARD = gnu11;
				GCC_DYNAMIC_NO_PIC = NO;
				GCC_NO_COMMON_BLOCKS = YES;
				GCC_OPTIMIZATION_LEVEL = 0;
				GCC_PREPROCESSOR_DEFINITIONS = (
					"DEBUG=1",
					"$(inherited)",
				);
				GCC_WARN_64_TO_32_BIT_CONVERSION = YES;
				GCC_WARN_ABOUT_RETURN_TYPE = YES_ERROR;
				GCC_WARN_UNDECLARED_SELECTOR = YES;
				GCC_WARN_UNINITIALIZED_AUTOS = YES_AGGRESSIVE;
				GCC_WARN_UNUSED_FUNCTION = YES;
				GCC_WARN_UNUSED_VARIABLE = YES;
				IPHONEOS_DEPLOYMENT_TARGET = 11.3;
				MTL_ENABLE_DEBUG_INFO = YES;
				ONLY_ACTIVE_ARCH = YES;
				SDKROOT = iphoneos;
				SWIFT_ACTIVE_COMPILATION_CONDITIONS = DEBUG;
				SWIFT_OPTIMIZATION_LEVEL = "-Onone";
			};
			name = Debug;
		};
		033D582A20BE70E400DE6106 /* Release */ = {
			isa = XCBuildConfiguration;
			buildSettings = {
				ALWAYS_SEARCH_USER_PATHS = NO;
				CLANG_ANALYZER_NONNULL = YES;
				CLANG_ANALYZER_NUMBER_OBJECT_CONVERSION = YES_AGGRESSIVE;
				CLANG_CXX_LANGUAGE_STANDARD = "gnu++14";
				CLANG_CXX_LIBRARY = "libc++";
				CLANG_ENABLE_MODULES = YES;
				CLANG_ENABLE_OBJC_ARC = YES;
				CLANG_ENABLE_OBJC_WEAK = YES;
				CLANG_WARN_BLOCK_CAPTURE_AUTORELEASING = YES;
				CLANG_WARN_BOOL_CONVERSION = YES;
				CLANG_WARN_COMMA = YES;
				CLANG_WARN_CONSTANT_CONVERSION = YES;
				CLANG_WARN_DEPRECATED_OBJC_IMPLEMENTATIONS = YES;
				CLANG_WARN_DIRECT_OBJC_ISA_USAGE = YES_ERROR;
				CLANG_WARN_DOCUMENTATION_COMMENTS = YES;
				CLANG_WARN_EMPTY_BODY = YES;
				CLANG_WARN_ENUM_CONVERSION = YES;
				CLANG_WARN_INFINITE_RECURSION = YES;
				CLANG_WARN_INT_CONVERSION = YES;
				CLANG_WARN_NON_LITERAL_NULL_CONVERSION = YES;
				CLANG_WARN_OBJC_IMPLICIT_RETAIN_SELF = YES;
				CLANG_WARN_OBJC_LITERAL_CONVERSION = YES;
				CLANG_WARN_OBJC_ROOT_CLASS = YES_ERROR;
				CLANG_WARN_RANGE_LOOP_ANALYSIS = YES;
				CLANG_WARN_STRICT_PROTOTYPES = YES;
				CLANG_WARN_SUSPICIOUS_MOVE = YES;
				CLANG_WARN_UNGUARDED_AVAILABILITY = YES_AGGRESSIVE;
				CLANG_WARN_UNREACHABLE_CODE = YES;
				CLANG_WARN__DUPLICATE_METHOD_MATCH = YES;
				CODE_SIGN_IDENTITY = "iPhone Developer";
				COPY_PHASE_STRIP = NO;
				DEBUG_INFORMATION_FORMAT = "dwarf-with-dsym";
				ENABLE_NS_ASSERTIONS = NO;
				ENABLE_STRICT_OBJC_MSGSEND = YES;
				GCC_C_LANGUAGE_STANDARD = gnu11;
				GCC_NO_COMMON_BLOCKS = YES;
				GCC_WARN_64_TO_32_BIT_CONVERSION = YES;
				GCC_WARN_ABOUT_RETURN_TYPE = YES_ERROR;
				GCC_WARN_UNDECLARED_SELECTOR = YES;
				GCC_WARN_UNINITIALIZED_AUTOS = YES_AGGRESSIVE;
				GCC_WARN_UNUSED_FUNCTION = YES;
				GCC_WARN_UNUSED_VARIABLE = YES;
				IPHONEOS_DEPLOYMENT_TARGET = 11.3;
				MTL_ENABLE_DEBUG_INFO = NO;
				SDKROOT = iphoneos;
				SWIFT_COMPILATION_MODE = wholemodule;
				SWIFT_OPTIMIZATION_LEVEL = "-O";
				VALIDATE_PRODUCT = YES;
			};
			name = Release;
		};
		033D582C20BE70E400DE6106 /* Debug */ = {
			isa = XCBuildConfiguration;
			buildSettings = {
				ASSETCATALOG_COMPILER_APPICON_NAME = AppIcon;
				CODE_SIGN_STYLE = Automatic;
				INFOPLIST_FILE = cle/Info.plist;
				LD_RUNPATH_SEARCH_PATHS = (
					"$(inherited)",
					"@executable_path/Frameworks",
				);
				PRODUCT_BUNDLE_IDENTIFIER = com.lablus.cle;
				PRODUCT_NAME = "$(TARGET_NAME)";
				SWIFT_VERSION = 4.0;
				TARGETED_DEVICE_FAMILY = "1,2";
			};
			name = Debug;
		};
		033D582D20BE70E400DE6106 /* Release */ = {
			isa = XCBuildConfiguration;
			buildSettings = {
				ASSETCATALOG_COMPILER_APPICON_NAME = AppIcon;
				CODE_SIGN_STYLE = Automatic;
				INFOPLIST_FILE = cle/Info.plist;
				LD_RUNPATH_SEARCH_PATHS = (
					"$(inherited)",
					"@executable_path/Frameworks",
				);
				PRODUCT_BUNDLE_IDENTIFIER = com.lablus.cle;
				PRODUCT_NAME = "$(TARGET_NAME)";
				SWIFT_VERSION = 4.0;
				TARGETED_DEVICE_FAMILY = "1,2";
			};
			name = Release;
		};
		033D582F20BE70E400DE6106 /* Debug */ = {
			isa = XCBuildConfiguration;
			buildSettings = {
				ALWAYS_EMBED_SWIFT_STANDARD_LIBRARIES = YES;
				BUNDLE_LOADER = "$(TEST_HOST)";
				CODE_SIGN_STYLE = Automatic;
				INFOPLIST_FILE = cleTests/Info.plist;
				LD_RUNPATH_SEARCH_PATHS = (
					"$(inherited)",
					"@executable_path/Frameworks",
					"@loader_path/Frameworks",
				);
				PRODUCT_BUNDLE_IDENTIFIER = com.lablus.cleTests;
				PRODUCT_NAME = "$(TARGET_NAME)";
				SWIFT_VERSION = 4.0;
				TARGETED_DEVICE_FAMILY = "1,2";
				TEST_HOST = "$(BUILT_PRODUCTS_DIR)/cle.app/cle";
			};
			name = Debug;
		};
		033D583020BE70E400DE6106 /* Release */ = {
			isa = XCBuildConfiguration;
			buildSettings = {
				ALWAYS_EMBED_SWIFT_STANDARD_LIBRARIES = YES;
				BUNDLE_LOADER = "$(TEST_HOST)";
				CODE_SIGN_STYLE = Automatic;
				INFOPLIST_FILE = cleTests/Info.plist;
				LD_RUNPATH_SEARCH_PATHS = (
					"$(inherited)",
					"@executable_path/Frameworks",
					"@loader_path/Frameworks",
				);
				PRODUCT_BUNDLE_IDENTIFIER = com.lablus.cleTests;
				PRODUCT_NAME = "$(TARGET_NAME)";
				SWIFT_VERSION = 4.0;
				TARGETED_DEVICE_FAMILY = "1,2";
				TEST_HOST = "$(BUILT_PRODUCTS_DIR)/cle.app/cle";
			};
			name = Release;
		};
		033D583220BE70E400DE6106 /* Debug */ = {
			isa = XCBuildConfiguration;
			buildSettings = {
				ALWAYS_EMBED_SWIFT_STANDARD_LIBRARIES = YES;
				CODE_SIGN_STYLE = Automatic;
				INFOPLIST_FILE = cleUITests/Info.plist;
				LD_RUNPATH_SEARCH_PATHS = (
					"$(inherited)",
					"@executable_path/Frameworks",
					"@loader_path/Frameworks",
				);
				PRODUCT_BUNDLE_IDENTIFIER = com.lablus.cleUITests;
				PRODUCT_NAME = "$(TARGET_NAME)";
				SWIFT_VERSION = 4.0;
				TARGETED_DEVICE_FAMILY = "1,2";
				TEST_TARGET_NAME = cle;
			};
			name = Debug;
		};
		033D583320BE70E400DE6106 /* Release */ = {
			isa = XCBuildConfiguration;
			buildSettings = {
				ALWAYS_EMBED_SWIFT_STANDARD_LIBRARIES = YES;
				CODE_SIGN_STYLE = Automatic;
				INFOPLIST_FILE = cleUITests/Info.plist;
				LD_RUNPATH_SEARCH_PATHS = (
					"$(inherited)",
					"@executable_path/Frameworks",
					"@loader_path/Frameworks",
				);
				PRODUCT_BUNDLE_IDENTIFIER = com.lablus.cleUITests;
				PRODUCT_NAME = "$(TARGET_NAME)";
				SWIFT_VERSION = 4.0;
				TARGETED_DEVICE_FAMILY = "1,2";
				TEST_TARGET_NAME = cle;
			};
			name = Release;
		};
/* End XCBuildConfiguration section */

/* Begin XCConfigurationList section */
		033D57FE20BE70E300DE6106 /* Build configuration list for PBXProject "cle" */ = {
			isa = XCConfigurationList;
			buildConfigurations = (
				033D582920BE70E400DE6106 /* Debug */,
				033D582A20BE70E400DE6106 /* Release */,
			);
			defaultConfigurationIsVisible = 0;
			defaultConfigurationName = Release;
		};
		033D582B20BE70E400DE6106 /* Build configuration list for PBXNativeTarget "cle" */ = {
			isa = XCConfigurationList;
			buildConfigurations = (
				033D582C20BE70E400DE6106 /* Debug */,
				033D582D20BE70E400DE6106 /* Release */,
			);
			defaultConfigurationIsVisible = 0;
			defaultConfigurationName = Release;
		};
		033D582E20BE70E400DE6106 /* Build configuration list for PBXNativeTarget "cleTests" */ = {
			isa = XCConfigurationList;
			buildConfigurations = (
				033D582F20BE70E400DE6106 /* Debug */,
				033D583020BE70E400DE6106 /* Release */,
			);
			defaultConfigurationIsVisible = 0;
			defaultConfigurationName = Release;
		};
		033D583120BE70E400DE6106 /* Build configuration list for PBXNativeTarget "cleUITests" */ = {
			isa = XCConfigurationList;
			buildConfigurations = (
				033D583220BE70E400DE6106 /* Debug */,
				033D583320BE70E400DE6106 /* Release */,
			);
			defaultConfigurationIsVisible = 0;
			defaultConfigurationName = Release;
		};
/* End XCConfigurationList section */
	};
	rootObject = 033D57FB20BE70E300DE6106 /* Project object */;
}
